{
  "requires": true,
  "lockfileVersion": 1,
  "dependencies": {
    "spacetime": {
      "version": "6.4.1",
      "resolved": "https://registry.npmjs.org/spacetime/-/spacetime-6.4.1.tgz",
      "integrity": "sha512-dIgv8dxYsd/4oE00o/iIu01fIVG3Oj7P06adbcegLFL8ewpL31t1nfijdcuQiu4ryT2JsjSvAE4RKX26vir0ng=="
    }
  }
}
